// !$*UTF8*$!
{
	archiveVersion = 1;
	classes = {
	};
	objectVersion = 46;
	objects = {

/* Begin PBXBuildFile section */
		68507BC11E754FE500654588 /* Alamofire.framework in Frameworks */ = {isa = PBXBuildFile; fileRef = 68507BC01E754FE500654588 /* Alamofire.framework */; };
		68507BC31E754FEC00654588 /* SwiftyJSON.framework in Frameworks */ = {isa = PBXBuildFile; fileRef = 68507BC21E754FEC00654588 /* SwiftyJSON.framework */; };
		68507BC51E756C2B00654588 /* GitHubAPIManager.swift in Sources */ = {isa = PBXBuildFile; fileRef = 68507BC41E756C2B00654588 /* GitHubAPIManager.swift */; };
		68D4A4711E73FD19002FC0E4 /* AppDelegate.swift in Sources */ = {isa = PBXBuildFile; fileRef = 68D4A4701E73FD19002FC0E4 /* AppDelegate.swift */; };
		68D4A4731E73FD19002FC0E4 /* MasterViewController.swift in Sources */ = {isa = PBXBuildFile; fileRef = 68D4A4721E73FD19002FC0E4 /* MasterViewController.swift */; };
		68D4A4751E73FD19002FC0E4 /* DetailViewController.swift in Sources */ = {isa = PBXBuildFile; fileRef = 68D4A4741E73FD19002FC0E4 /* DetailViewController.swift */; };
		68D4A4781E73FD19002FC0E4 /* Main.storyboard in Resources */ = {isa = PBXBuildFile; fileRef = 68D4A4761E73FD19002FC0E4 /* Main.storyboard */; };
		68D4A47A1E73FD19002FC0E4 /* Assets.xcassets in Resources */ = {isa = PBXBuildFile; fileRef = 68D4A4791E73FD19002FC0E4 /* Assets.xcassets */; };
		68D4A47D1E73FD19002FC0E4 /* LaunchScreen.storyboard in Resources */ = {isa = PBXBuildFile; fileRef = 68D4A47B1E73FD19002FC0E4 /* LaunchScreen.storyboard */; };
/* End PBXBuildFile section */

/* Begin PBXFileReference section */
		68507BC01E754FE500654588 /* Alamofire.framework */ = {isa = PBXFileReference; lastKnownFileType = wrapper.framework; name = Alamofire.framework; path = "../Alamofire/build/Debug-iphoneos/Alamofire.framework"; sourceTree = "<group>"; };
		68507BC21E754FEC00654588 /* SwiftyJSON.framework */ = {isa = PBXFileReference; lastKnownFileType = wrapper.framework; name = SwiftyJSON.framework; path = "../SwiftyJSON/build/Debug-iphoneos/SwiftyJSON.framework"; sourceTree = "<group>"; };
		68507BC41E756C2B00654588 /* GitHubAPIManager.swift */ = {isa = PBXFileReference; fileEncoding = 4; lastKnownFileType = sourcecode.swift; path = GitHubAPIManager.swift; sourceTree = "<group>"; };
		68D4A46D1E73FD19002FC0E4 /* GistsRest.app */ = {isa = PBXFileReference; explicitFileType = wrapper.application; includeInIndex = 0; path = GistsRest.app; sourceTree = BUILT_PRODUCTS_DIR; };
		68D4A4701E73FD19002FC0E4 /* AppDelegate.swift */ = {isa = PBXFileReference; lastKnownFileType = sourcecode.swift; path = AppDelegate.swift; sourceTree = "<group>"; };
		68D4A4721E73FD19002FC0E4 /* MasterViewController.swift */ = {isa = PBXFileReference; lastKnownFileType = sourcecode.swift; path = MasterViewController.swift; sourceTree = "<group>"; };
		68D4A4741E73FD19002FC0E4 /* DetailViewController.swift */ = {isa = PBXFileReference; lastKnownFileType = sourcecode.swift; path = DetailViewController.swift; sourceTree = "<group>"; };
		68D4A4771E73FD19002FC0E4 /* Base */ = {isa = PBXFileReference; lastKnownFileType = file.storyboard; name = Base; path = Base.lproj/Main.storyboard; sourceTree = "<group>"; };
		68D4A4791E73FD19002FC0E4 /* Assets.xcassets */ = {isa = PBXFileReference; lastKnownFileType = folder.assetcatalog; path = Assets.xcassets; sourceTree = "<group>"; };
		68D4A47C1E73FD19002FC0E4 /* Base */ = {isa = PBXFileReference; lastKnownFileType = file.storyboard; name = Base; path = Base.lproj/LaunchScreen.storyboard; sourceTree = "<group>"; };
		68D4A47E1E73FD19002FC0E4 /* Info.plist */ = {isa = PBXFileReference; lastKnownFileType = text.plist.xml; path = Info.plist; sourceTree = "<group>"; };
/* End PBXFileReference section */

/* Begin PBXFrameworksBuildPhase section */
		68D4A46A1E73FD19002FC0E4 /* Frameworks */ = {
			isa = PBXFrameworksBuildPhase;
			buildActionMask = 2147483647;
			files = (
				68507BC31E754FEC00654588 /* SwiftyJSON.framework in Frameworks */,
				68507BC11E754FE500654588 /* Alamofire.framework in Frameworks */,
			);
			runOnlyForDeploymentPostprocessing = 0;
		};
/* End PBXFrameworksBuildPhase section */

/* Begin PBXGroup section */
		68507BBF1E754FE500654588 /* Frameworks */ = {
			isa = PBXGroup;
			children = (
				68507BC21E754FEC00654588 /* SwiftyJSON.framework */,
				68507BC01E754FE500654588 /* Alamofire.framework */,
			);
			name = Frameworks;
			sourceTree = "<group>";
		};
		68D4A4641E73FD19002FC0E4 = {
			isa = PBXGroup;
			children = (
				68D4A46F1E73FD19002FC0E4 /* GistsRest */,
				68D4A46E1E73FD19002FC0E4 /* Products */,
				68507BBF1E754FE500654588 /* Frameworks */,
			);
			sourceTree = "<group>";
		};
		68D4A46E1E73FD19002FC0E4 /* Products */ = {
			isa = PBXGroup;
			children = (
				68D4A46D1E73FD19002FC0E4 /* GistsRest.app */,
			);
			name = Products;
			sourceTree = "<group>";
		};
		68D4A46F1E73FD19002FC0E4 /* GistsRest */ = {
			isa = PBXGroup;
			children = (
				68D4A4701E73FD19002FC0E4 /* AppDelegate.swift */,
				68D4A4721E73FD19002FC0E4 /* MasterViewController.swift */,
				68D4A4741E73FD19002FC0E4 /* DetailViewController.swift */,
				68D4A4761E73FD19002FC0E4 /* Main.storyboard */,
				68D4A4791E73FD19002FC0E4 /* Assets.xcassets */,
				68D4A47B1E73FD19002FC0E4 /* LaunchScreen.storyboard */,
				68D4A47E1E73FD19002FC0E4 /* Info.plist */,
				68507BC41E756C2B00654588 /* GitHubAPIManager.swift */,
			);
			path = GistsRest;
			sourceTree = "<group>";
		};
/* End PBXGroup section */

/* Begin PBXNativeTarget section */
		68D4A46C1E73FD19002FC0E4 /* GistsRest */ = {
			isa = PBXNativeTarget;
			buildConfigurationList = 68D4A4811E73FD19002FC0E4 /* Build configuration list for PBXNativeTarget "GistsRest" */;
			buildPhases = (
				68D4A4691E73FD19002FC0E4 /* Sources */,
				68D4A46A1E73FD19002FC0E4 /* Frameworks */,
				68D4A46B1E73FD19002FC0E4 /* Resources */,
			);
			buildRules = (
			);
			dependencies = (
			);
			name = GistsRest;
			productName = GistsRest;
			productReference = 68D4A46D1E73FD19002FC0E4 /* GistsRest.app */;
			productType = "com.apple.product-type.application";
		};
/* End PBXNativeTarget section */

/* Begin PBXProject section */
		68D4A4651E73FD19002FC0E4 /* Project object */ = {
			isa = PBXProject;
			attributes = {
				LastSwiftUpdateCheck = 0820;
				LastUpgradeCheck = 0820;
				ORGANIZATIONNAME = "曹元乐";
				TargetAttributes = {
					68D4A46C1E73FD19002FC0E4 = {
						CreatedOnToolsVersion = 8.2.1;
						ProvisioningStyle = Automatic;
					};
				};
			};
			buildConfigurationList = 68D4A4681E73FD19002FC0E4 /* Build configuration list for PBXProject "GistsRest" */;
			compatibilityVersion = "Xcode 3.2";
			developmentRegion = English;
			hasScannedForEncodings = 0;
			knownRegions = (
				en,
				Base,
			);
			mainGroup = 68D4A4641E73FD19002FC0E4;
			productRefGroup = 68D4A46E1E73FD19002FC0E4 /* Products */;
			projectDirPath = "";
			projectRoot = "";
			targets = (
				68D4A46C1E73FD19002FC0E4 /* GistsRest */,
			);
		};
/* End PBXProject section */

/* Begin PBXResourcesBuildPhase section */
		68D4A46B1E73FD19002FC0E4 /* Resources */ = {
			isa = PBXResourcesBuildPhase;
			buildActionMask = 2147483647;
			files = (
				68D4A47D1E73FD19002FC0E4 /* LaunchScreen.storyboard in Resources */,
				68D4A47A1E73FD19002FC0E4 /* Assets.xcassets in Resources */,
				68D4A4781E73FD19002FC0E4 /* Main.storyboard in Resources */,
			);
			runOnlyForDeploymentPostprocessing = 0;
		};
/* End PBXResourcesBuildPhase section */

/* Begin PBXSourcesBuildPhase section */
		68D4A4691E73FD19002FC0E4 /* Sources */ = {
			isa = PBXSourcesBuildPhase;
			buildActionMask = 2147483647;
			files = (
				68D4A4751E73FD19002FC0E4 /* DetailViewController.swift in Sources */,
				68507BC51E756C2B00654588 /* GitHubAPIManager.swift in Sources */,
				68D4A4731E73FD19002FC0E4 /* MasterViewController.swift in Sources */,
				68D4A4711E73FD19002FC0E4 /* AppDelegate.swift in Sources */,
			);
			runOnlyForDeploymentPostprocessing = 0;
		};
/* End PBXSourcesBuildPhase section */

/* Begin PBXVariantGroup section */
		68D4A4761E73FD19002FC0E4 /* Main.storyboard */ = {
			isa = PBXVariantGroup;
			children = (
				68D4A4771E73FD19002FC0E4 /* Base */,
			);
			name = Main.storyboard;
			sourceTree = "<group>";
		};
		68D4A47B1E73FD19002FC0E4 /* LaunchScreen.storyboard */ = {
			isa = PBXVariantGroup;
			children = (
				68D4A47C1E73FD19002FC0E4 /* Base */,
			);
			name = LaunchScreen.storyboard;
			sourceTree = "<group>";
		};
/* End PBXVariantGroup section */

/* Begin XCBuildConfiguration section */
		68D4A47F1E73FD19002FC0E4 /* Debug */ = {
			isa = XCBuildConfiguration;
			buildSettings = {
				ALWAYS_SEARCH_USER_PATHS = NO;
				CLANG_ANALYZER_NONNULL = YES;
				CLANG_CXX_LANGUAGE_STANDARD = "gnu++0x";
				CLANG_CXX_LIBRARY = "libc++";
				CLANG_ENABLE_MODULES = YES;
				CLANG_ENABLE_OBJC_ARC = YES;
				CLANG_WARN_BOOL_CONVERSION = YES;
				CLANG_WARN_CONSTANT_CONVERSION = YES;
				CLANG_WARN_DIRECT_OBJC_ISA_USAGE = YES_ERROR;
				CLANG_WARN_DOCUMENTATION_COMMENTS = YES;
				CLANG_WARN_EMPTY_BODY = YES;
				CLANG_WARN_ENUM_CONVERSION = YES;
				CLANG_WARN_INFINITE_RECURSION = YES;
				CLANG_WARN_INT_CONVERSION = YES;
				CLANG_WARN_OBJC_ROOT_CLASS = YES_ERROR;
				CLANG_WARN_SUSPICIOUS_MOVE = YES;
				CLANG_WARN_UNREACHABLE_CODE = YES;
				CLANG_WARN__DUPLICATE_METHOD_MATCH = YES;
				"CODE_SIGN_IDENTITY[sdk=iphoneos*]" = "iPhone Developer";
				COPY_PHASE_STRIP = NO;
				DEBUG_INFORMATION_FORMAT = dwarf;
				ENABLE_STRICT_OBJC_MSGSEND = YES;
				ENABLE_TESTABILITY = YES;
				GCC_C_LANGUAGE_STANDARD = gnu99;
				GCC_DYNAMIC_NO_PIC = NO;
				GCC_NO_COMMON_BLOCKS = YES;
				GCC_OPTIMIZATION_LEVEL = 0;
				GCC_PREPROCESSOR_DEFINITIONS = (
					"DEBUG=1",
					"$(inherited)",
				);
				GCC_WARN_64_TO_32_BIT_CONVERSION = YES;
				GCC_WARN_ABOUT_RETURN_TYPE = YES_ERROR;
				GCC_WARN_UNDECLARED_SELECTOR = YES;
				GCC_WARN_UNINITIALIZED_AUTOS = YES_AGGRESSIVE;
				GCC_WARN_UNUSED_FUNCTION = YES;
				GCC_WARN_UNUSED_VARIABLE = YES;
				IPHONEOS_DEPLOYMENT_TARGET = 10.2;
				MTL_ENABLE_DEBUG_INFO = YES;
				ONLY_ACTIVE_ARCH = YES;
				SDKROOT = iphoneos;
				SWIFT_ACTIVE_COMPILATION_CONDITIONS = DEBUG;
				SWIFT_OPTIMIZATION_LEVEL = "-Onone";
				TARGETED_DEVICE_FAMILY = "1,2";
			};
			name = Debug;
		};
		68D4A4801E73FD19002FC0E4 /* Release */ = {
			isa = XCBuildConfiguration;
			buildSettings = {
				ALWAYS_SEARCH_USER_PATHS = NO;
				CLANG_ANALYZER_NONNULL = YES;
				CLANG_CXX_LANGUAGE_STANDARD = "gnu++0x";
				CLANG_CXX_LIBRARY = "libc++";
				CLANG_ENABLE_MODULES = YES;
				CLANG_ENABLE_OBJC_ARC = YES;
				CLANG_WARN_BOOL_CONVERSION = YES;
				CLANG_WARN_CONSTANT_CONVERSION = YES;
				CLANG_WARN_DIRECT_OBJC_ISA_USAGE = YES_ERROR;
				CLANG_WARN_DOCUMENTATION_COMMENTS = YES;
				CLANG_WARN_EMPTY_BODY = YES;
				CLANG_WARN_ENUM_CONVERSION = YES;
				CLANG_WARN_INFINITE_RECURSION = YES;
				CLANG_WARN_INT_CONVERSION = YES;
				CLANG_WARN_OBJC_ROOT_CLASS = YES_ERROR;
				CLANG_WARN_SUSPICIOUS_MOVE = YES;
				CLANG_WARN_UNREACHABLE_CODE = YES;
				CLANG_WARN__DUPLICATE_METHOD_MATCH = YES;
				"CODE_SIGN_IDENTITY[sdk=iphoneos*]" = "iPhone Developer";
				COPY_PHASE_STRIP = NO;
				DEBUG_INFORMATION_FORMAT = "dwarf-with-dsym";
				ENABLE_NS_ASSERTIONS = NO;
				ENABLE_STRICT_OBJC_MSGSEND = YES;
				GCC_C_LANGUAGE_STANDARD = gnu99;
				GCC_NO_COMMON_BLOCKS = YES;
				GCC_WARN_64_TO_32_BIT_CONVERSION = YES;
				GCC_WARN_ABOUT_RETURN_TYPE = YES_ERROR;
				GCC_WARN_UNDECLARED_SELECTOR = YES;
				GCC_WARN_UNINITIALIZED_AUTOS = YES_AGGRESSIVE;
				GCC_WARN_UNUSED_FUNCTION = YES;
				GCC_WARN_UNUSED_VARIABLE = YES;
				IPHONEOS_DEPLOYMENT_TARGET = 10.2;
				MTL_ENABLE_DEBUG_INFO = NO;
				SDKROOT = iphoneos;
				SWIFT_OPTIMIZATION_LEVEL = "-Owholemodule";
				TARGETED_DEVICE_FAMILY = "1,2";
				VALIDATE_PRODUCT = YES;
			};
			name = Release;
		};
		68D4A4821E73FD19002FC0E4 /* Debug */ = {
			isa = XCBuildConfiguration;
			buildSettings = {
				ASSETCATALOG_COMPILER_APPICON_NAME = AppIcon;
				INFOPLIST_FILE = GistsRest/Info.plist;
				LD_RUNPATH_SEARCH_PATHS = "$(inherited) @executable_path/Frameworks";
				PRODUCT_BUNDLE_IDENTIFIER = cylof22.GistsRest;
				PRODUCT_NAME = "$(TARGET_NAME)";
				SWIFT_VERSION = 3.0;
			};
			name = Debug;
		};
		68D4A4831E73FD19002FC0E4 /* Release */ = {
			isa = XCBuildConfiguration;
			buildSettings = {
				ASSETCATALOG_COMPILER_APPICON_NAME = AppIcon;
				INFOPLIST_FILE = GistsRest/Info.plist;
				LD_RUNPATH_SEARCH_PATHS = "$(inherited) @executable_path/Frameworks";
				PRODUCT_BUNDLE_IDENTIFIER = cylof22.GistsRest;
				PRODUCT_NAME = "$(TARGET_NAME)";
				SWIFT_VERSION = 3.0;
			};
			name = Release;
		};
/* End XCBuildConfiguration section */

/* Begin XCConfigurationList section */
		68D4A4681E73FD19002FC0E4 /* Build configuration list for PBXProject "GistsRest" */ = {
			isa = XCConfigurationList;
			buildConfigurations = (
				68D4A47F1E73FD19002FC0E4 /* Debug */,
				68D4A4801E73FD19002FC0E4 /* Release */,
			);
			defaultConfigurationIsVisible = 0;
			defaultConfigurationName = Release;
		};
		68D4A4811E73FD19002FC0E4 /* Build configuration list for PBXNativeTarget "GistsRest" */ = {
			isa = XCConfigurationList;
			buildConfigurations = (
				68D4A4821E73FD19002FC0E4 /* Debug */,
				68D4A4831E73FD19002FC0E4 /* Release */,
			);
			defaultConfigurationIsVisible = 0;
			defaultConfigurationName = Release;
		};
/* End XCConfigurationList section */
	};
	rootObject = 68D4A4651E73FD19002FC0E4 /* Project object */;
}
